<?xml version="1.0" encoding="UTF-8"?>
<CONFIG>
  <ProjectOptions>
    <Version Value="12"/>
    <PathDelim Value="\"/>
    <General>
      <Flags>
        <MainUnitHasCreateFormStatements Value="False"/>
        <MainUnitHasTitleStatement Value="False"/>
        <MainUnitHasScaledStatement Value="False"/>
        <LRSInOutputDirectory Value="False"/>
        <CompatibilityMode Value="True"/>
      </Flags>
      <UseAppBundle Value="False"/>
    </General>
    <BuildModes Count="3" Active="Debug">
      <Item1 Name="default" Default="True"/>
      <Item2 Name="Debug">
        <CompilerOptions>
          <Version Value="11"/>
          <PathDelim Value="\"/>
          <Parsing>
            <SyntaxOptions>
              <CStyleOperator Value="False"/>
              <IncludeAssertionCode Value="True"/>
              <AllowLabel Value="False"/>
              <CPPInline Value="False"/>
            </SyntaxOptions>
          </Parsing>
          <CodeGeneration>
            <Checks>
              <IOChecks Value="True"/>
              <RangeChecks Value="True"/>
              <OverflowChecks Value="True"/>
              <StackChecks Value="True"/>
            </Checks>
            <VerifyObjMethodCallValidity Value="True"/>
          </CodeGeneration>
          <Linking>
            <Debugging>
              <DebugInfoType Value="dsDwarf3"/>
              <UseHeaptrc Value="True"/>
              <TrashVariables Value="True"/>
              <UseExternalDbgSyms Value="True"/>
            </Debugging>
            <Options>
              <Win32>
                <GraphicApplication Value="True"/>
              </Win32>
              <ExecutableType Value="Library"/>
            </Options>
          </Linking>
        </CompilerOptions>
      </Item2>
      <Item3 Name="Release">
        <CompilerOptions>
          <Version Value="11"/>
          <PathDelim Value="\"/>
          <Parsing>
            <SyntaxOptions>
              <CStyleOperator Value="False"/>
              <AllowLabel Value="False"/>
              <CPPInline Value="False"/>
            </SyntaxOptions>
          </Parsing>
          <CodeGeneration>
            <SmartLinkUnit Value="True"/>
            <Optimizations>
              <OptimizationLevel Value="3"/>
            </Optimizations>
          </CodeGeneration>
          <Linking>
            <Debugging>
              <GenerateDebugInfo Value="False"/>
              <RunWithoutDebug Value="True"/>
            </Debugging>
            <LinkSmart Value="True"/>
            <Options>
              <Win32>
                <GraphicApplication Value="True"/>
              </Win32>
              <ExecutableType Value="Library"/>
            </Options>
          </Linking>
        </CompilerOptions>
      </Item3>
    </BuildModes>
    <PublishOptions>
      <Version Value="2"/>
    </PublishOptions>
    <RunParams>
      <local>
        <HostApplicationFilename Value="D:\Документы\Ренат\Developments\Pascal\Lazarus\ACEditor\ACEditor.exe"/>
        <LaunchingApplication PathPlusParams="\usr\X11R6\bin\xterm -T &apos;Lazarus Run Output&apos; -e $(LazarusDir)\tools\runwait.sh $(TargetCmdLine)"/>
      </local>
      <FormatVersion Value="2"/>
      <Modes Count="1">
        <Mode0 Name="default">
          <local>
            <HostApplicationFilename Value="D:\Документы\Ренат\Developments\Pascal\Lazarus\ACEditor\ACEditor.exe"/>
            <LaunchingApplication PathPlusParams="\usr\X11R6\bin\xterm -T &apos;Lazarus Run Output&apos; -e $(LazarusDir)\tools\runwait.sh $(TargetCmdLine)"/>
          </local>
        </Mode0>
      </Modes>
    </RunParams>
    <RequiredPackages Count="1">
      <Item1>
        <PackageName Value="LCL"/>
        <MinVersion Major="1" Valid="True"/>
      </Item1>
    </RequiredPackages>
    <Units Count="28">
      <Unit0>
        <Filename Value="Ext.lpr"/>
        <IsPartOfProject Value="True"/>
        <CursorPos X="9" Y="13"/>
        <UsageCount Value="36"/>
        <Loaded Value="True"/>
        <LoadedDesigner Value="True"/>
      </Unit0>
      <Unit1>
        <Filename Value="ACAlignmentDlg.pas"/>
        <IsPartOfProject Value="True"/>
        <ComponentName Value="ACAlignmentDialog"/>
        <HasResources Value="True"/>
        <ResourceBaseClass Value="Form"/>
        <EditorIndex Value="5"/>
        <CursorPos X="28" Y="31"/>
        <UsageCount Value="36"/>
        <Loaded Value="True"/>
        <LoadedDesigner Value="True"/>
      </Unit1>
      <Unit2>
        <Filename Value="ACAngleDlg.pas"/>
        <IsPartOfProject Value="True"/>
        <HasResources Value="True"/>
        <TopLine Value="13"/>
        <CursorPos X="4" Y="52"/>
        <UsageCount Value="36"/>
      </Unit2>
      <Unit3>
        <Filename Value="ACCharSpaceDlg.pas"/>
        <IsPartOfProject Value="True"/>
        <HasResources Value="True"/>
        <TopLine Value="17"/>
        <CursorPos X="27" Y="52"/>
        <UsageCount Value="36"/>
      </Unit3>
      <Unit4>
        <Filename Value="ACHhtDlg.pas"/>
        <IsPartOfProject Value="True"/>
        <ComponentName Value="ACHeightDialog"/>
        <HasResources Value="True"/>
        <ResourceBaseClass Value="Form"/>
        <EditorIndex Value="7"/>
        <CursorPos Y="2"/>
        <UsageCount Value="36"/>
        <Loaded Value="True"/>
        <LoadedDesigner Value="True"/>
      </Unit4>
      <Unit5>
        <Filename Value="ACLineDlg.pas"/>
        <IsPartOfProject Value="True"/>
        <ComponentName Value="ACLineDialog"/>
        <HasResources Value="True"/>
        <ResourceBaseClass Value="Form"/>
        <EditorIndex Value="8"/>
        <CursorPos Y="2"/>
        <UsageCount Value="36"/>
        <Loaded Value="True"/>
        <LoadedDesigner Value="True"/>
      </Unit5>
      <Unit6>
        <Filename Value="ACUnicodeDlg.pas"/>
        <IsPartOfProject Value="True"/>
        <ComponentName Value="ACUnicodeDialog"/>
        <HasResources Value="True"/>
        <ResourceBaseClass Value="Form"/>
        <EditorIndex Value="9"/>
        <TopLine Value="577"/>
        <CursorPos X="35" Y="596"/>
        <UsageCount Value="36"/>
        <Loaded Value="True"/>
        <LoadedDesigner Value="True"/>
      </Unit6>
      <Unit7>
        <Filename Value="ACWidthDlg.pas"/>
        <IsPartOfProject Value="True"/>
        <ComponentName Value="ACWidthDialog"/>
        <HasResources Value="True"/>
        <ResourceBaseClass Value="Form"/>
        <EditorIndex Value="13"/>
        <CursorPos X="17"/>
        <UsageCount Value="36"/>
        <Loaded Value="True"/>
        <LoadedDesigner Value="True"/>
      </Unit7>
      <Unit8>
        <Filename Value="acadtypes.pas"/>
        <UnitName Value="ACADTypes"/>
        <EditorIndex Value="6"/>
        <TopLine Value="117"/>
        <CursorPos X="25" Y="153"/>
        <UsageCount Value="16"/>
        <Loaded Value="True"/>
      </Unit8>
      <Unit9>
        <Filename Value="Shapes.pas"/>
        <EditorIndex Value="12"/>
        <TopLine Value="674"/>
        <CursorPos X="13"/>
        <UsageCount Value="16"/>
        <Loaded Value="True"/>
      </Unit9>
      <Unit10>
        <Filename Value="ACFontDlg.pas"/>
        <ComponentName Value="ACFontDialog"/>
        <HasResources Value="True"/>
        <ResourceBaseClass Value="Form"/>
        <EditorIndex Value="11"/>
        <CursorPos X="16"/>
        <UsageCount Value="16"/>
        <Loaded Value="True"/>
        <LoadedDesigner Value="True"/>
      </Unit10>
      <Unit11>
        <Filename Value="actxtfrmt.pas"/>
        <UnitName Value="ACTxtFrmt"/>
        <EditorIndex Value="1"/>
        <TopLine Value="51"/>
        <CursorPos X="6" Y="64"/>
        <UsageCount Value="16"/>
        <Loaded Value="True"/>
      </Unit11>
      <Unit12>
        <Filename Value="ACColorDlg.pas"/>
        <ComponentName Value="ACColorDialog"/>
        <HasResources Value="True"/>
        <ResourceBaseClass Value="Form"/>
        <EditorIndex Value="3"/>
        <CursorPos X="3" Y="9"/>
        <UsageCount Value="16"/>
        <Loaded Value="True"/>
        <LoadedDesigner Value="True"/>
      </Unit12>
      <Unit13>
        <Filename Value="ACStackDlg.pas"/>
        <IsPartOfProject Value="True"/>
        <ComponentName Value="ACStackDialog"/>
        <HasResources Value="True"/>
        <ResourceBaseClass Value="Form"/>
        <EditorIndex Value="4"/>
        <TopLine Value="43"/>
        <CursorPos Y="34"/>
        <UsageCount Value="33"/>
        <Loaded Value="True"/>
        <LoadedDesigner Value="True"/>
      </Unit13>
      <Unit14>
        <Filename Value="OptionsFrm.pas"/>
        <IsPartOfProject Value="True"/>
        <ComponentName Value="FrmOptions"/>
        <HasResources Value="True"/>
        <ResourceBaseClass Value="Form"/>
        <IsVisibleTab Value="True"/>
        <EditorIndex Value="2"/>
        <CursorPos X="22" Y="10"/>
        <UsageCount Value="33"/>
        <Loaded Value="True"/>
        <LoadedDesigner Value="True"/>
      </Unit14>
      <Unit15>
        <Filename Value="C:\lazarus\lcl\comctrls.pp"/>
        <UnitName Value="ComCtrls"/>
        <TopLine Value="2668"/>
        <CursorPos X="2" Y="2691"/>
        <UsageCount Value="10"/>
      </Unit15>
      <Unit16>
        <Filename Value="C:\lazarus\lcl\extctrls.pp"/>
        <UnitName Value="ExtCtrls"/>
        <TopLine Value="201"/>
        <CursorPos X="23" Y="220"/>
        <UsageCount Value="10"/>
      </Unit16>
      <Unit17>
        <Filename Value="C:\lazarus\lcl\include\wincontrol.inc"/>
        <TopLine Value="5665"/>
        <CursorPos X="21" Y="5665"/>
        <UsageCount Value="10"/>
      </Unit17>
      <Unit18>
        <Filename Value="C:\lazarus\lcl\forms.pp"/>
        <UnitName Value="Forms"/>
        <TopLine Value="562"/>
        <CursorPos X="3" Y="581"/>
        <UsageCount Value="10"/>
      </Unit18>
      <Unit19>
        <Filename Value="AutoCADObjects.pas"/>
        <EditorIndex Value="10"/>
        <CursorPos X="36" Y="11"/>
        <UsageCount Value="14"/>
        <Loaded Value="True"/>
      </Unit19>
      <Unit20>
        <Filename Value="C:\lazarus\lcl\stdctrls.pp"/>
        <UnitName Value="StdCtrls"/>
        <TopLine Value="332"/>
        <CursorPos X="30" Y="340"/>
        <UsageCount Value="10"/>
      </Unit20>
      <Unit21>
        <Filename Value="C:\lazarus\fpc\2.2.0\source\rtl\objpas\classes\classesh.inc"/>
        <TopLine Value="91"/>
        <CursorPos X="3" Y="110"/>
        <UsageCount Value="10"/>
      </Unit21>
      <Unit22>
        <Filename Value="C:\lazarus\lcl\include\lclintf.inc"/>
        <TopLine Value="359"/>
        <CursorPos X="19" Y="381"/>
        <UsageCount Value="10"/>
      </Unit22>
      <Unit23>
        <Filename Value="C:\lazarus\lcl\include\application.inc"/>
        <TopLine Value="934"/>
        <CursorPos X="3" Y="943"/>
        <UsageCount Value="10"/>
      </Unit23>
      <Unit24>
        <Filename Value="C:\lazarus\lcl\dialogs.pp"/>
        <UnitName Value="Dialogs"/>
        <TopLine Value="460"/>
        <CursorPos X="11" Y="479"/>
        <UsageCount Value="10"/>
      </Unit24>
      <Unit25>
        <Filename Value="C:\lazarus\lcl\include\messagedialogs.inc"/>
        <TopLine Value="228"/>
        <CursorPos X="10" Y="230"/>
        <UsageCount Value="10"/>
      </Unit25>
      <Unit26>
        <Filename Value="C:\lazarus\lcl\include\lclintfh.inc"/>
        <TopLine Value="126"/>
        <CursorPos X="11" Y="146"/>
        <UsageCount Value="10"/>
      </Unit26>
      <Unit27>
        <Filename Value="C:\lazarus\lcl\interfacebase.pp"/>
        <UnitName Value="InterfaceBase"/>
        <TopLine Value="108"/>
        <CursorPos X="3" Y="133"/>
        <UsageCount Value="10"/>
      </Unit27>
    </Units>
    <JumpHistory Count="7" HistoryIndex="6">
      <Position1>
        <Filename Value="OptionsFrm.pas"/>
        <Caret Line="10" Column="22"/>
      </Position1>
      <Position2>
        <Filename Value="OptionsFrm.pas"/>
        <Caret Line="11" Column="5"/>
      </Position2>
      <Position3>
        <Filename Value="OptionsFrm.pas"/>
        <Caret Line="10" Column="25"/>
      </Position3>
      <Position4>
        <Filename Value="OptionsFrm.pas"/>
        <Caret Line="12" Column="8"/>
      </Position4>
      <Position5>
        <Filename Value="OptionsFrm.pas"/>
        <Caret Line="11" Column="5"/>
      </Position5>
      <Position6>
        <Filename Value="acadtypes.pas"/>
        <Caret Line="551" TopLine="532"/>
      </Position6>
      <Position7>
        <Filename Value="OptionsFrm.pas"/>
        <Caret Line="10" Column="22"/>
      </Position7>
    </JumpHistory>
  </ProjectOptions>
  <CompilerOptions>
    <Version Value="11"/>
    <PathDelim Value="\"/>
    <Parsing>
      <SyntaxOptions>
        <CStyleOperator Value="False"/>
        <AllowLabel Value="False"/>
        <CPPInline Value="False"/>
      </SyntaxOptions>
    </Parsing>
    <CodeGeneration>
      <Optimizations>
        <OptimizationLevel Value="0"/>
      </Optimizations>
    </CodeGeneration>
    <Linking>
      <Options>
        <Win32>
          <GraphicApplication Value="True"/>
        </Win32>
        <ExecutableType Value="Library"/>
      </Options>
    </Linking>
  </CompilerOptions>
  <Debugging>
    <BreakPoints Count="1">
      <Item1>
        <Kind Value="bpkSource"/>
        <WatchScope Value="wpsGlobal"/>
        <WatchKind Value="wpkWrite"/>
        <Source Value="actxtfrmt.pas"/>
        <Line Value="193"/>
      </Item1>
    </BreakPoints>
    <Watches Count="1">
      <Item1>
        <Expression Value="MsgMustOpenFromCAD"/>
      </Item1>
    </Watches>
    <Exceptions Count="2">
      <Item1>
        <Name Value="ECodetoolError"/>
      </Item1>
      <Item2>
        <Name Value="EFOpenError"/>
      </Item2>
    </Exceptions>
  </Debugging>
</CONFIG>
